
Microsoft Visual Studio Solution File, Format Version 12.00
# Visual Studio Version 16
VisualStudioVersion = 16.0.29201.188
MinimumVisualStudioVersion = 10.0.40219.1
Project("{FAE04EC0-301F-11D3-BF4B-00C04F79EFBC}") = "HrPayrollFinalProject", "HrPayrollFinalProject\HrPayrollFinalProject.csproj", "{769D5FC0-B6E2-4A3F-B065-54BFD4BA4EDD}"
EndProject
Global
	GlobalSection(SolutionConfigurationPlatforms) = preSolution
		Debug|Any CPU = Debug|Any CPU
		Release|Any CPU = Release|Any CPU
	EndGlobalSection
	GlobalSection(ProjectConfigurationPlatforms) = postSolution
		{769D5FC0-B6E2-4A3F-B065-54BFD4BA4EDD}.Debug|Any CPU.ActiveCfg = Debug|Any CPU
		{769D5FC0-B6E2-4A3F-B065-54BFD4BA4EDD}.Debug|Any CPU.Build.0 = Debug|Any CPU
		{769D5FC0-B6E2-4A3F-B065-54BFD4BA4EDD}.Release|Any CPU.ActiveCfg = Release|Any CPU
		{769D5FC0-B6E2-4A3F-B065-54BFD4BA4EDD}.Release|Any CPU.Build.0 = Release|Any CPU
	EndGlobalSection
	GlobalSection(SolutionProperties) = preSolution
		HideSolutionNode = FALSE
	EndGlobalSection
	GlobalSection(ExtensibilityGlobals) = postSolution
		SolutionGuid = {DB907B6D-8BFD-450A-B46F-6F0F7AE35BFE}
	EndGlobalSection
EndGlobal
